{
  "version": 4,
  "terraform_version": "1.3.8",
  "serial": 19,
  "lineage": "47fa89ff-2a26-e436-4955-7092c0eb0756",
  "outputs": {},
  "resources": [
    {
      "mode": "managed",
      "type": "azurerm_linux_virtual_machine",
      "name": "vm-one",
      "provider": "provider[\"registry.terraform.io/hashicorp/azurerm\"]",
      "instances": [
        {
          "schema_version": 0,
          "attributes": {
            "additional_capabilities": [],
            "admin_password": null,
            "admin_ssh_key": [
              {
                "public_key": "ssh-rsa AAAAB3NzaC1yc2EAAAADAQABAAABgQDC6uGyvXI+Jqzdd+VSwmWkqfhQrka8vGcgxfKPagn3FQl0sfGCQCbGss3R3uUIpXZUiiGMiGLasW47HwgsQkUhzXKfi8dCZxsI0uL0uC3B4sxnuNl2qjZcwSCjPJu344m5wu3LsNmKkY7g4HRJvxUw54TDr/qW9GT90+mrJEzuTT+7EJP11iScL1zNoV4ydccmqvK9FlODrZMoqmoweR2pFfEfLIGqU84bpierznQQApn+uTXZVGn7qxWgtcPjFwR4W34f7eaSCqOndm+fCHBX/ktnsTUNDiHVOGUeUDzGOScZKXoiBhjp5gN43mQjKUELqjRjHweddBzCUaJMOQfieAUSze/r6JJ43rmeA30RBPKLr+thj6OxewrGelAEhR4JOUuiKJNvIIGDdw8WU2HJ6j7u0y7RCkLIb7pNteiNsIbFiohlljzl0Ca4DJeuYTirrYjhGSObaZONRS7AXYwxmX7rBG8E0ZwSxqUQ+u6hzgQvrKDAQwoxPprQy46jFXM= superg28@gigabyte\n",
                "username": "userone"
              }
            ],
            "admin_username": "userone",
            "allow_extension_operations": true,
            "availability_set_id": "",
            "boot_diagnostics": [],
            "capacity_reservation_group_id": "",
            "computer_name": "VM-one",
            "custom_data": null,
            "dedicated_host_group_id": "",
            "dedicated_host_id": "",
            "disable_password_authentication": true,
            "edge_zone": "",
            "encryption_at_host_enabled": false,
            "eviction_policy": "",
            "extensions_time_budget": "PT1H30M",
            "gallery_application": [],
            "id": "/subscriptions/b9c1c5b5-4a46-436a-baef-3872ef3cc8fe/resourceGroups/az-networking-cert-rg/providers/Microsoft.Compute/virtualMachines/VM-one",
            "identity": [],
            "license_type": "",
            "location": "southafricanorth",
            "max_bid_price": -1,
            "name": "VM-one",
            "network_interface_ids": [
              "/subscriptions/b9c1c5b5-4a46-436a-baef-3872ef3cc8fe/resourceGroups/az-networking-cert-rg/providers/Microsoft.Network/networkInterfaces/vm-one-nic"
            ],
            "os_disk": [
              {
                "caching": "ReadWrite",
                "diff_disk_settings": [],
                "disk_encryption_set_id": "",
                "disk_size_gb": 30,
                "name": "VM-one_OsDisk_1_1d5bf9c4613e474bacd5b012636e6a02",
                "secure_vm_disk_encryption_set_id": "",
                "security_encryption_type": "",
                "storage_account_type": "Standard_LRS",
                "write_accelerator_enabled": false
              }
            ],
            "patch_assessment_mode": "ImageDefault",
            "patch_mode": "ImageDefault",
            "plan": [],
            "platform_fault_domain": -1,
            "priority": "Regular",
            "private_ip_address": "10.0.1.4",
            "private_ip_addresses": [
              "10.0.1.4"
            ],
            "provision_vm_agent": true,
            "proximity_placement_group_id": "",
            "public_ip_address": "",
            "public_ip_addresses": [],
            "resource_group_name": "az-networking-cert-rg",
            "secret": [],
            "secure_boot_enabled": false,
            "size": "Standard_F2",
            "source_image_id": "",
            "source_image_reference": [
              {
                "offer": "UbuntuServer",
                "publisher": "Canonical",
                "sku": "18.04-LTS",
                "version": "latest"
              }
            ],
            "tags": {},
            "termination_notification": [],
            "timeouts": null,
            "user_data": "",
            "virtual_machine_id": "7a58f208-28a1-4ce0-9819-66794374dd16",
            "virtual_machine_scale_set_id": "",
            "vtpm_enabled": false,
            "zone": ""
          },
          "sensitive_attributes": [],
          "private": "eyJlMmJmYjczMC1lY2FhLTExZTYtOGY4OC0zNDM2M2JjN2M0YzAiOnsiY3JlYXRlIjoyNzAwMDAwMDAwMDAwLCJkZWxldGUiOjI3MDAwMDAwMDAwMDAsInJlYWQiOjMwMDAwMDAwMDAwMCwidXBkYXRlIjoyNzAwMDAwMDAwMDAwfX0=",
          "dependencies": [
            "azurerm_network_interface.nic-one",
            "azurerm_resource_group.networking-rg",
            "azurerm_subnet.subnet-one",
            "azurerm_virtual_network.vnet-one"
          ]
        }
      ]
    },
    {
      "mode": "managed",
      "type": "azurerm_linux_virtual_machine",
      "name": "vm-two",
      "provider": "provider[\"registry.terraform.io/hashicorp/azurerm\"]",
      "instances": [
        {
          "schema_version": 0,
          "attributes": {
            "additional_capabilities": [],
            "admin_password": null,
            "admin_ssh_key": [
              {
                "public_key": "ssh-rsa AAAAB3NzaC1yc2EAAAADAQABAAABgQDC6uGyvXI+Jqzdd+VSwmWkqfhQrka8vGcgxfKPagn3FQl0sfGCQCbGss3R3uUIpXZUiiGMiGLasW47HwgsQkUhzXKfi8dCZxsI0uL0uC3B4sxnuNl2qjZcwSCjPJu344m5wu3LsNmKkY7g4HRJvxUw54TDr/qW9GT90+mrJEzuTT+7EJP11iScL1zNoV4ydccmqvK9FlODrZMoqmoweR2pFfEfLIGqU84bpierznQQApn+uTXZVGn7qxWgtcPjFwR4W34f7eaSCqOndm+fCHBX/ktnsTUNDiHVOGUeUDzGOScZKXoiBhjp5gN43mQjKUELqjRjHweddBzCUaJMOQfieAUSze/r6JJ43rmeA30RBPKLr+thj6OxewrGelAEhR4JOUuiKJNvIIGDdw8WU2HJ6j7u0y7RCkLIb7pNteiNsIbFiohlljzl0Ca4DJeuYTirrYjhGSObaZONRS7AXYwxmX7rBG8E0ZwSxqUQ+u6hzgQvrKDAQwoxPprQy46jFXM= superg28@gigabyte\n",
                "username": "userone"
              }
            ],
            "admin_username": "userone",
            "allow_extension_operations": true,
            "availability_set_id": "",
            "boot_diagnostics": [],
            "capacity_reservation_group_id": "",
            "computer_name": "VM-two",
            "custom_data": null,
            "dedicated_host_group_id": "",
            "dedicated_host_id": "",
            "disable_password_authentication": true,
            "edge_zone": "",
            "encryption_at_host_enabled": false,
            "eviction_policy": "",
            "extensions_time_budget": "PT1H30M",
            "gallery_application": [],
            "id": "/subscriptions/b9c1c5b5-4a46-436a-baef-3872ef3cc8fe/resourceGroups/az-networking-cert-rg/providers/Microsoft.Compute/virtualMachines/VM-two",
            "identity": [],
            "license_type": "",
            "location": "southafricanorth",
            "max_bid_price": -1,
            "name": "VM-two",
            "network_interface_ids": [
              "/subscriptions/b9c1c5b5-4a46-436a-baef-3872ef3cc8fe/resourceGroups/az-networking-cert-rg/providers/Microsoft.Network/networkInterfaces/vm-two-nic"
            ],
            "os_disk": [
              {
                "caching": "ReadWrite",
                "diff_disk_settings": [],
                "disk_encryption_set_id": "",
                "disk_size_gb": 30,
                "name": "VM-two_OsDisk_1_965cbc9430624ade9c0a5430cbb25f75",
                "secure_vm_disk_encryption_set_id": "",
                "security_encryption_type": "",
                "storage_account_type": "Standard_LRS",
                "write_accelerator_enabled": false
              }
            ],
            "patch_assessment_mode": "ImageDefault",
            "patch_mode": "ImageDefault",
            "plan": [],
            "platform_fault_domain": -1,
            "priority": "Regular",
            "private_ip_address": "10.0.2.4",
            "private_ip_addresses": [
              "10.0.2.4"
            ],
            "provision_vm_agent": true,
            "proximity_placement_group_id": "",
            "public_ip_address": "",
            "public_ip_addresses": [],
            "resource_group_name": "az-networking-cert-rg",
            "secret": [],
            "secure_boot_enabled": false,
            "size": "Standard_F2",
            "source_image_id": "",
            "source_image_reference": [
              {
                "offer": "UbuntuServer",
                "publisher": "Canonical",
                "sku": "18.04-LTS",
                "version": "latest"
              }
            ],
            "tags": {},
            "termination_notification": [],
            "timeouts": null,
            "user_data": "",
            "virtual_machine_id": "1872044f-bfba-4f68-9f99-fa638248e71f",
            "virtual_machine_scale_set_id": "",
            "vtpm_enabled": false,
            "zone": ""
          },
          "sensitive_attributes": [],
          "private": "eyJlMmJmYjczMC1lY2FhLTExZTYtOGY4OC0zNDM2M2JjN2M0YzAiOnsiY3JlYXRlIjoyNzAwMDAwMDAwMDAwLCJkZWxldGUiOjI3MDAwMDAwMDAwMDAsInJlYWQiOjMwMDAwMDAwMDAwMCwidXBkYXRlIjoyNzAwMDAwMDAwMDAwfX0=",
          "dependencies": [
            "azurerm_network_interface.nic-two",
            "azurerm_resource_group.networking-rg",
            "azurerm_subnet.subnet-two",
            "azurerm_virtual_network.vnet-two"
          ]
        }
      ]
    },
    {
      "mode": "managed",
      "type": "azurerm_network_interface",
      "name": "nic-one",
      "provider": "provider[\"registry.terraform.io/hashicorp/azurerm\"]",
      "instances": [
        {
          "schema_version": 0,
          "attributes": {
            "applied_dns_servers": [],
            "dns_servers": [],
            "edge_zone": "",
            "enable_accelerated_networking": false,
            "enable_ip_forwarding": false,
            "id": "/subscriptions/b9c1c5b5-4a46-436a-baef-3872ef3cc8fe/resourceGroups/az-networking-cert-rg/providers/Microsoft.Network/networkInterfaces/vm-one-nic",
            "internal_dns_name_label": "",
            "internal_domain_name_suffix": "dklaprhblhduhlzomzzi3z5gzg.jnbx.internal.cloudapp.net",
            "ip_configuration": [
              {
                "gateway_load_balancer_frontend_ip_configuration_id": "",
                "name": "internal",
                "primary": true,
                "private_ip_address": "10.0.1.4",
                "private_ip_address_allocation": "Dynamic",
                "private_ip_address_version": "IPv4",
                "public_ip_address_id": "",
                "subnet_id": "/subscriptions/b9c1c5b5-4a46-436a-baef-3872ef3cc8fe/resourceGroups/az-networking-cert-rg/providers/Microsoft.Network/virtualNetworks/test-vnet-one/subnets/test-subnet-one"
              }
            ],
            "location": "southafricanorth",
            "mac_address": "00-22-48-CF-84-54",
            "name": "vm-one-nic",
            "private_ip_address": "10.0.1.4",
            "private_ip_addresses": [
              "10.0.1.4"
            ],
            "resource_group_name": "az-networking-cert-rg",
            "tags": {},
            "timeouts": null,
            "virtual_machine_id": "/subscriptions/b9c1c5b5-4a46-436a-baef-3872ef3cc8fe/resourceGroups/az-networking-cert-rg/providers/Microsoft.Compute/virtualMachines/VM-one"
          },
          "sensitive_attributes": [],
          "private": "eyJlMmJmYjczMC1lY2FhLTExZTYtOGY4OC0zNDM2M2JjN2M0YzAiOnsiY3JlYXRlIjoxODAwMDAwMDAwMDAwLCJkZWxldGUiOjE4MDAwMDAwMDAwMDAsInJlYWQiOjMwMDAwMDAwMDAwMCwidXBkYXRlIjoxODAwMDAwMDAwMDAwfX0=",
          "dependencies": [
            "azurerm_resource_group.networking-rg",
            "azurerm_subnet.subnet-one",
            "azurerm_virtual_network.vnet-one"
          ]
        }
      ]
    },
    {
      "mode": "managed",
      "type": "azurerm_network_interface",
      "name": "nic-two",
      "provider": "provider[\"registry.terraform.io/hashicorp/azurerm\"]",
      "instances": [
        {
          "schema_version": 0,
          "attributes": {
            "applied_dns_servers": [],
            "dns_servers": [],
            "edge_zone": "",
            "enable_accelerated_networking": false,
            "enable_ip_forwarding": false,
            "id": "/subscriptions/b9c1c5b5-4a46-436a-baef-3872ef3cc8fe/resourceGroups/az-networking-cert-rg/providers/Microsoft.Network/networkInterfaces/vm-two-nic",
            "internal_dns_name_label": "",
            "internal_domain_name_suffix": "dklaprhblhduhlzomzzi3z5gzg.jnbx.internal.cloudapp.net",
            "ip_configuration": [
              {
                "gateway_load_balancer_frontend_ip_configuration_id": "",
                "name": "internal",
                "primary": true,
                "private_ip_address": "10.0.2.4",
                "private_ip_address_allocation": "Dynamic",
                "private_ip_address_version": "IPv4",
                "public_ip_address_id": "",
                "subnet_id": "/subscriptions/b9c1c5b5-4a46-436a-baef-3872ef3cc8fe/resourceGroups/az-networking-cert-rg/providers/Microsoft.Network/virtualNetworks/test-vnet-one/subnets/test-subnet-two"
              }
            ],
            "location": "southafricanorth",
            "mac_address": "00-22-48-CF-81-D6",
            "name": "vm-two-nic",
            "private_ip_address": "10.0.2.4",
            "private_ip_addresses": [
              "10.0.2.4"
            ],
            "resource_group_name": "az-networking-cert-rg",
            "tags": {},
            "timeouts": null,
            "virtual_machine_id": "/subscriptions/b9c1c5b5-4a46-436a-baef-3872ef3cc8fe/resourceGroups/az-networking-cert-rg/providers/Microsoft.Compute/virtualMachines/VM-two"
          },
          "sensitive_attributes": [],
          "private": "eyJlMmJmYjczMC1lY2FhLTExZTYtOGY4OC0zNDM2M2JjN2M0YzAiOnsiY3JlYXRlIjoxODAwMDAwMDAwMDAwLCJkZWxldGUiOjE4MDAwMDAwMDAwMDAsInJlYWQiOjMwMDAwMDAwMDAwMCwidXBkYXRlIjoxODAwMDAwMDAwMDAwfX0=",
          "dependencies": [
            "azurerm_resource_group.networking-rg",
            "azurerm_subnet.subnet-two",
            "azurerm_virtual_network.vnet-one",
            "azurerm_virtual_network.vnet-two"
          ]
        }
      ]
    },
    {
      "mode": "managed",
      "type": "azurerm_private_dns_zone",
      "name": "my-private-dns",
      "provider": "provider[\"registry.terraform.io/hashicorp/azurerm\"]",
      "instances": [
        {
          "schema_version": 0,
          "attributes": {
            "id": "/subscriptions/b9c1c5b5-4a46-436a-baef-3872ef3cc8fe/resourceGroups/az-networking-cert-rg/providers/Microsoft.Network/privateDnsZones/my-network.net",
            "max_number_of_record_sets": 25000,
            "max_number_of_virtual_network_links": 1000,
            "max_number_of_virtual_network_links_with_registration": 100,
            "name": "my-network.net",
            "number_of_record_sets": 1,
            "resource_group_name": "az-networking-cert-rg",
            "soa_record": [
              {
                "email": "azureprivatedns-host.microsoft.com",
                "expire_time": 2419200,
                "fqdn": "my-network.net.",
                "host_name": "azureprivatedns.net",
                "minimum_ttl": 10,
                "refresh_time": 3600,
                "retry_time": 300,
                "serial_number": 1,
                "tags": {},
                "ttl": 3600
              }
            ],
            "tags": {},
            "timeouts": null
          },
          "sensitive_attributes": [],
          "private": "eyJlMmJmYjczMC1lY2FhLTExZTYtOGY4OC0zNDM2M2JjN2M0YzAiOnsiY3JlYXRlIjoxODAwMDAwMDAwMDAwLCJkZWxldGUiOjE4MDAwMDAwMDAwMDAsInJlYWQiOjMwMDAwMDAwMDAwMCwidXBkYXRlIjoxODAwMDAwMDAwMDAwfX0=",
          "dependencies": [
            "azurerm_resource_group.networking-rg"
          ]
        }
      ]
    },
    {
      "mode": "managed",
      "type": "azurerm_private_dns_zone_virtual_network_link",
      "name": "vnet-one-link",
      "provider": "provider[\"registry.terraform.io/hashicorp/azurerm\"]",
      "instances": [
        {
          "schema_version": 0,
          "attributes": {
            "id": "/subscriptions/b9c1c5b5-4a46-436a-baef-3872ef3cc8fe/resourceGroups/az-networking-cert-rg/providers/Microsoft.Network/privateDnsZones/my-network.net/virtualNetworkLinks/VNet-one-link",
            "name": "VNet-one-link",
            "private_dns_zone_name": "my-network.net",
            "registration_enabled": true,
            "resource_group_name": "az-networking-cert-rg",
            "tags": {},
            "timeouts": null,
            "virtual_network_id": "/subscriptions/b9c1c5b5-4a46-436a-baef-3872ef3cc8fe/resourceGroups/az-networking-cert-rg/providers/Microsoft.Network/virtualNetworks/test-vnet-one"
          },
          "sensitive_attributes": [],
          "private": "eyJlMmJmYjczMC1lY2FhLTExZTYtOGY4OC0zNDM2M2JjN2M0YzAiOnsiY3JlYXRlIjoxODAwMDAwMDAwMDAwLCJkZWxldGUiOjE4MDAwMDAwMDAwMDAsInJlYWQiOjMwMDAwMDAwMDAwMCwidXBkYXRlIjoxODAwMDAwMDAwMDAwfX0=",
          "dependencies": [
            "azurerm_private_dns_zone.my-private-dns",
            "azurerm_resource_group.networking-rg",
            "azurerm_virtual_network.vnet-one"
          ]
        }
      ]
    },
    {
      "mode": "managed",
      "type": "azurerm_private_dns_zone_virtual_network_link",
      "name": "vnet-two-link",
      "provider": "provider[\"registry.terraform.io/hashicorp/azurerm\"]",
      "instances": [
        {
          "schema_version": 0,
          "attributes": {
            "id": "/subscriptions/b9c1c5b5-4a46-436a-baef-3872ef3cc8fe/resourceGroups/az-networking-cert-rg/providers/Microsoft.Network/privateDnsZones/my-network.net/virtualNetworkLinks/VNet-two-link",
            "name": "VNet-two-link",
            "private_dns_zone_name": "my-network.net",
            "registration_enabled": true,
            "resource_group_name": "az-networking-cert-rg",
            "tags": {},
            "timeouts": null,
            "virtual_network_id": "/subscriptions/b9c1c5b5-4a46-436a-baef-3872ef3cc8fe/resourceGroups/az-networking-cert-rg/providers/Microsoft.Network/virtualNetworks/test-vnet-two"
          },
          "sensitive_attributes": [],
          "private": "eyJlMmJmYjczMC1lY2FhLTExZTYtOGY4OC0zNDM2M2JjN2M0YzAiOnsiY3JlYXRlIjoxODAwMDAwMDAwMDAwLCJkZWxldGUiOjE4MDAwMDAwMDAwMDAsInJlYWQiOjMwMDAwMDAwMDAwMCwidXBkYXRlIjoxODAwMDAwMDAwMDAwfX0=",
          "dependencies": [
            "azurerm_private_dns_zone.my-private-dns",
            "azurerm_resource_group.networking-rg",
            "azurerm_virtual_network.vnet-two"
          ]
        }
      ]
    },
    {
      "mode": "managed",
      "type": "azurerm_resource_group",
      "name": "networking-rg",
      "provider": "provider[\"registry.terraform.io/hashicorp/azurerm\"]",
      "instances": [
        {
          "schema_version": 0,
          "attributes": {
            "id": "/subscriptions/b9c1c5b5-4a46-436a-baef-3872ef3cc8fe/resourceGroups/az-networking-cert-rg",
            "location": "southafricanorth",
            "name": "az-networking-cert-rg",
            "tags": {},
            "timeouts": null
          },
          "sensitive_attributes": [],
          "private": "eyJlMmJmYjczMC1lY2FhLTExZTYtOGY4OC0zNDM2M2JjN2M0YzAiOnsiY3JlYXRlIjo1NDAwMDAwMDAwMDAwLCJkZWxldGUiOjU0MDAwMDAwMDAwMDAsInJlYWQiOjMwMDAwMDAwMDAwMCwidXBkYXRlIjo1NDAwMDAwMDAwMDAwfX0="
        }
      ]
    },
    {
      "mode": "managed",
      "type": "azurerm_subnet",
      "name": "subnet-one",
      "provider": "provider[\"registry.terraform.io/hashicorp/azurerm\"]",
      "instances": [
        {
          "schema_version": 0,
          "attributes": {
            "address_prefixes": [
              "10.0.1.0/24"
            ],
            "delegation": [],
            "enforce_private_link_endpoint_network_policies": false,
            "enforce_private_link_service_network_policies": false,
            "id": "/subscriptions/b9c1c5b5-4a46-436a-baef-3872ef3cc8fe/resourceGroups/az-networking-cert-rg/providers/Microsoft.Network/virtualNetworks/test-vnet-one/subnets/test-subnet-one",
            "name": "test-subnet-one",
            "private_endpoint_network_policies_enabled": true,
            "private_link_service_network_policies_enabled": true,
            "resource_group_name": "az-networking-cert-rg",
            "service_endpoint_policy_ids": [],
            "service_endpoints": [],
            "timeouts": null,
            "virtual_network_name": "test-vnet-one"
          },
          "sensitive_attributes": [],
          "private": "eyJlMmJmYjczMC1lY2FhLTExZTYtOGY4OC0zNDM2M2JjN2M0YzAiOnsiY3JlYXRlIjoxODAwMDAwMDAwMDAwLCJkZWxldGUiOjE4MDAwMDAwMDAwMDAsInJlYWQiOjMwMDAwMDAwMDAwMCwidXBkYXRlIjoxODAwMDAwMDAwMDAwfX0=",
          "dependencies": [
            "azurerm_resource_group.networking-rg",
            "azurerm_virtual_network.vnet-one"
          ]
        }
      ]
    },
    {
      "mode": "managed",
      "type": "azurerm_subnet",
      "name": "subnet-two",
      "provider": "provider[\"registry.terraform.io/hashicorp/azurerm\"]",
      "instances": [
        {
          "schema_version": 0,
          "attributes": {
            "address_prefixes": [
              "10.0.2.0/24"
            ],
            "delegation": [],
            "enforce_private_link_endpoint_network_policies": false,
            "enforce_private_link_service_network_policies": false,
            "id": "/subscriptions/b9c1c5b5-4a46-436a-baef-3872ef3cc8fe/resourceGroups/az-networking-cert-rg/providers/Microsoft.Network/virtualNetworks/test-vnet-one/subnets/test-subnet-two",
            "name": "test-subnet-two",
            "private_endpoint_network_policies_enabled": true,
            "private_link_service_network_policies_enabled": true,
            "resource_group_name": "az-networking-cert-rg",
            "service_endpoint_policy_ids": [],
            "service_endpoints": [],
            "timeouts": null,
            "virtual_network_name": "test-vnet-one"
          },
          "sensitive_attributes": [],
          "private": "eyJlMmJmYjczMC1lY2FhLTExZTYtOGY4OC0zNDM2M2JjN2M0YzAiOnsiY3JlYXRlIjoxODAwMDAwMDAwMDAwLCJkZWxldGUiOjE4MDAwMDAwMDAwMDAsInJlYWQiOjMwMDAwMDAwMDAwMCwidXBkYXRlIjoxODAwMDAwMDAwMDAwfX0=",
          "dependencies": [
            "azurerm_resource_group.networking-rg",
            "azurerm_virtual_network.vnet-one",
            "azurerm_virtual_network.vnet-two"
          ]
        }
      ]
    },
    {
      "mode": "managed",
      "type": "azurerm_virtual_network",
      "name": "vnet-one",
      "provider": "provider[\"registry.terraform.io/hashicorp/azurerm\"]",
      "instances": [
        {
          "schema_version": 0,
          "attributes": {
            "address_space": [
              "10.0.0.0/16"
            ],
            "bgp_community": "",
            "ddos_protection_plan": [],
            "dns_servers": [],
            "edge_zone": "",
            "flow_timeout_in_minutes": 0,
            "guid": "c407961a-59e1-43c7-af2e-66728ee7e6ce",
            "id": "/subscriptions/b9c1c5b5-4a46-436a-baef-3872ef3cc8fe/resourceGroups/az-networking-cert-rg/providers/Microsoft.Network/virtualNetworks/test-vnet-one",
            "location": "southafricanorth",
            "name": "test-vnet-one",
            "resource_group_name": "az-networking-cert-rg",
            "subnet": [
              {
                "address_prefix": "10.0.1.0/24",
                "id": "/subscriptions/b9c1c5b5-4a46-436a-baef-3872ef3cc8fe/resourceGroups/az-networking-cert-rg/providers/Microsoft.Network/virtualNetworks/test-vnet-one/subnets/test-subnet-one",
                "name": "test-subnet-one",
                "security_group": ""
              },
              {
                "address_prefix": "10.0.2.0/24",
                "id": "/subscriptions/b9c1c5b5-4a46-436a-baef-3872ef3cc8fe/resourceGroups/az-networking-cert-rg/providers/Microsoft.Network/virtualNetworks/test-vnet-one/subnets/test-subnet-two",
                "name": "test-subnet-two",
                "security_group": ""
              }
            ],
            "tags": {},
            "timeouts": null
          },
          "sensitive_attributes": [],
          "private": "eyJlMmJmYjczMC1lY2FhLTExZTYtOGY4OC0zNDM2M2JjN2M0YzAiOnsiY3JlYXRlIjoxODAwMDAwMDAwMDAwLCJkZWxldGUiOjE4MDAwMDAwMDAwMDAsInJlYWQiOjMwMDAwMDAwMDAwMCwidXBkYXRlIjoxODAwMDAwMDAwMDAwfX0=",
          "dependencies": [
            "azurerm_resource_group.networking-rg"
          ]
        }
      ]
    },
    {
      "mode": "managed",
      "type": "azurerm_virtual_network",
      "name": "vnet-two",
      "provider": "provider[\"registry.terraform.io/hashicorp/azurerm\"]",
      "instances": [
        {
          "schema_version": 0,
          "attributes": {
            "address_space": [
              "10.0.0.0/16"
            ],
            "bgp_community": "",
            "ddos_protection_plan": [],
            "dns_servers": [],
            "edge_zone": "",
            "flow_timeout_in_minutes": 0,
            "guid": "2c35731f-7c3f-4c17-bfd4-9c66a76e3fbc",
            "id": "/subscriptions/b9c1c5b5-4a46-436a-baef-3872ef3cc8fe/resourceGroups/az-networking-cert-rg/providers/Microsoft.Network/virtualNetworks/test-vnet-two",
            "location": "southafricanorth",
            "name": "test-vnet-two",
            "resource_group_name": "az-networking-cert-rg",
            "subnet": [],
            "tags": {},
            "timeouts": null
          },
          "sensitive_attributes": [],
          "private": "eyJlMmJmYjczMC1lY2FhLTExZTYtOGY4OC0zNDM2M2JjN2M0YzAiOnsiY3JlYXRlIjoxODAwMDAwMDAwMDAwLCJkZWxldGUiOjE4MDAwMDAwMDAwMDAsInJlYWQiOjMwMDAwMDAwMDAwMCwidXBkYXRlIjoxODAwMDAwMDAwMDAwfX0=",
          "dependencies": [
            "azurerm_resource_group.networking-rg"
          ]
        }
      ]
    }
  ],
  "check_results": null
}
